
Microsoft Visual Studio Solution File, Format Version 12.00
# Visual Studio 15
VisualStudioVersion = 15.0.27703.2042
MinimumVisualStudioVersion = 10.0.40219.1
Project("{9A19103F-16F7-4668-BE54-9A1E7A4F7556}") = "SampleRxLogAnalyser", "SampleRxLogAnalyser\SampleRxLogAnalyser.csproj", "{E0F41F62-02F1-4708-BDC3-5B27344EA76F}"
EndProject
Project("{9A19103F-16F7-4668-BE54-9A1E7A4F7556}") = "SampleRxLogAnalyserLib", "SampleRxLogAnalyserLib\SampleRxLogAnalyserLib.csproj", "{F240739B-AB34-4E9C-A0DE-FB3C432C06C4}"
EndProject
Project("{FAE04EC0-301F-11D3-BF4B-00C04F79EFBC}") = "RxLogAnalyserXUnitTests", "RxLogAnalyserXUnitTests\RxLogAnalyserXUnitTests.csproj", "{DFC9FBA6-7394-4EFF-8857-B58DCA389840}"
EndProject
Project("{FAE04EC0-301F-11D3-BF4B-00C04F79EFBC}") = "SampleConsoleInputAnalyser", "SampleConsoleInputAnalyser\SampleConsoleInputAnalyser.csproj", "{491D3B1F-A452-4D5E-90E9-386C133AF01E}"
EndProject
Global
	GlobalSection(SolutionConfigurationPlatforms) = preSolution
		Debug|Any CPU = Debug|Any CPU
		Release|Any CPU = Release|Any CPU
	EndGlobalSection
	GlobalSection(ProjectConfigurationPlatforms) = postSolution
		{E0F41F62-02F1-4708-BDC3-5B27344EA76F}.Debug|Any CPU.ActiveCfg = Debug|Any CPU
		{E0F41F62-02F1-4708-BDC3-5B27344EA76F}.Debug|Any CPU.Build.0 = Debug|Any CPU
		{E0F41F62-02F1-4708-BDC3-5B27344EA76F}.Release|Any CPU.ActiveCfg = Release|Any CPU
		{E0F41F62-02F1-4708-BDC3-5B27344EA76F}.Release|Any CPU.Build.0 = Release|Any CPU
		{F240739B-AB34-4E9C-A0DE-FB3C432C06C4}.Debug|Any CPU.ActiveCfg = Debug|Any CPU
		{F240739B-AB34-4E9C-A0DE-FB3C432C06C4}.Debug|Any CPU.Build.0 = Debug|Any CPU
		{F240739B-AB34-4E9C-A0DE-FB3C432C06C4}.Release|Any CPU.ActiveCfg = Release|Any CPU
		{F240739B-AB34-4E9C-A0DE-FB3C432C06C4}.Release|Any CPU.Build.0 = Release|Any CPU
		{DFC9FBA6-7394-4EFF-8857-B58DCA389840}.Debug|Any CPU.ActiveCfg = Debug|Any CPU
		{DFC9FBA6-7394-4EFF-8857-B58DCA389840}.Debug|Any CPU.Build.0 = Debug|Any CPU
		{DFC9FBA6-7394-4EFF-8857-B58DCA389840}.Release|Any CPU.ActiveCfg = Release|Any CPU
		{DFC9FBA6-7394-4EFF-8857-B58DCA389840}.Release|Any CPU.Build.0 = Release|Any CPU
		{491D3B1F-A452-4D5E-90E9-386C133AF01E}.Debug|Any CPU.ActiveCfg = Debug|Any CPU
		{491D3B1F-A452-4D5E-90E9-386C133AF01E}.Debug|Any CPU.Build.0 = Debug|Any CPU
		{491D3B1F-A452-4D5E-90E9-386C133AF01E}.Release|Any CPU.ActiveCfg = Release|Any CPU
		{491D3B1F-A452-4D5E-90E9-386C133AF01E}.Release|Any CPU.Build.0 = Release|Any CPU
	EndGlobalSection
	GlobalSection(SolutionProperties) = preSolution
		HideSolutionNode = FALSE
	EndGlobalSection
	GlobalSection(ExtensibilityGlobals) = postSolution
		SolutionGuid = {77EE86AE-E5B4-48B6-8160-515E71F497AD}
	EndGlobalSection
EndGlobal
